
Microsoft Visual Studio Solution File, Format Version 12.00
# Visual Studio Version 16
VisualStudioVersion = 16.0.31025.194
MinimumVisualStudioVersion = 10.0.40219.1
Project("{9A19103F-16F7-4668-BE54-9A1E7A4F7556}") = "Api", "Api\Api.csproj", "{5D43A845-DB37-4E55-B8B8-5087DE2A628A}"
EndProject
Project("{2150E333-8FDC-42A3-9474-1A3956D46DE8}") = "Storage", "Storage", "{E58497EF-D039-4075-8A4B-A87483A100EA}"
EndProject
Project("{9A19103F-16F7-4668-BE54-9A1E7A4F7556}") = "Storage", "Storage\Storage\Storage.csproj", "{9A9C0D06-AF83-4407-A6AF-4B78B2B7E2A9}"
EndProject
Project("{9A19103F-16F7-4668-BE54-9A1E7A4F7556}") = "Storage.Ef", "Storage\Storage.Ef\Storage.Ef.csproj", "{F85C06C3-D9EC-4242-89A1-4C7AB79FAC10}"
EndProject
Project("{9A19103F-16F7-4668-BE54-9A1E7A4F7556}") = "Core", "Core\Core.csproj", "{5B624A95-46C0-4DF5-8C02-4E3D9CBF93BD}"
EndProject
Project("{9A19103F-16F7-4668-BE54-9A1E7A4F7556}") = "Common", "Common\Common.csproj", "{56B3009A-91E7-40C0-9EC8-75E71AA24339}"
EndProject
Project("{9A19103F-16F7-4668-BE54-9A1E7A4F7556}") = "DependencyInjection", "DependencyInjection\DependencyInjection.csproj", "{F6D532B6-A66E-42C8-89C8-FC5AA4483AF5}"
EndProject
Project("{9A19103F-16F7-4668-BE54-9A1E7A4F7556}") = "Storage.Ef.MigrationRuntime", "Storage\Storage.Ef.MigrationRuntime\Storage.Ef.MigrationRuntime.csproj", "{4BBB8992-5085-459E-8512-76203730DC8A}"
EndProject
Project("{9A19103F-16F7-4668-BE54-9A1E7A4F7556}") = "DatabaseUpdater", "DatabaseUpdater\DatabaseUpdater.csproj", "{A906FA1D-21F4-4D4F-A39E-0AF9516879A8}"
EndProject
Project("{2150E333-8FDC-42A3-9474-1A3956D46DE8}") = "Tests", "Tests", "{DC2AF3D6-EC4E-4733-87F1-467FBB5FEC22}"
EndProject
Project("{9A19103F-16F7-4668-BE54-9A1E7A4F7556}") = "Core.Tests", "Tests\Core.Tests\Core.Tests.csproj", "{79CBBDD4-1AA9-461A-83D8-FEF0C1C9EFF7}"
EndProject
Project("{9A19103F-16F7-4668-BE54-9A1E7A4F7556}") = "TestTools", "Tests\TestTools\TestTools.csproj", "{73D05BE2-3AF7-4C0F-AE1E-29BFED26E0FE}"
EndProject
Project("{9A19103F-16F7-4668-BE54-9A1E7A4F7556}") = "Core.Single.Tests", "Tests\Core.Single.Tests\Core.Single.Tests.csproj", "{9C646547-D5A1-4E81-A99D-0DDC136ACBB6}"
EndProject
Project("{9A19103F-16F7-4668-BE54-9A1E7A4F7556}") = "Api.Tests", "Tests\Api.Tests\Api.Tests.csproj", "{510FD693-D48E-4A64-8F04-243CC239CA39}"
EndProject
Project("{9A19103F-16F7-4668-BE54-9A1E7A4F7556}") = "Dispatcher", "Dispatcher\Dispatcher.csproj", "{EDAA074B-7379-496E-9F73-5DE19B07D72D}"
EndProject
Project("{9A19103F-16F7-4668-BE54-9A1E7A4F7556}") = "Api.Dto", "Api.Dto\Api.Dto.csproj", "{6CB9B839-02E1-42D7-85C4-18CDFA8EB54F}"
EndProject
Project("{2150E333-8FDC-42A3-9474-1A3956D46DE8}") = "Agent", "Agent", "{EF023812-BE4A-49A1-985F-6ECF82C7D70F}"
EndProject
Project("{9A19103F-16F7-4668-BE54-9A1E7A4F7556}") = "Agent.Core", "Agent\Agent.Core\Agent.Core.csproj", "{F189441F-D667-46C7-96BF-4FB74D9B6C9F}"
EndProject
Project("{9A19103F-16F7-4668-BE54-9A1E7A4F7556}") = "Agent.Tests", "Tests\Agent.Tests\Agent.Tests.csproj", "{6F6D3525-65B6-4BCC-BF22-78622491A2DE}"
EndProject
Project("{9A19103F-16F7-4668-BE54-9A1E7A4F7556}") = "Agent.Single.Tests", "Tests\Agent.Single.Tests\Agent.Single.Tests.csproj", "{C98B93DC-873C-4C88-A45E-0C5A4D968C01}"
EndProject
Project("{9A19103F-16F7-4668-BE54-9A1E7A4F7556}") = "Agent.ConsoleApplication", "Agent\Agent.ConsoleApplication\Agent.ConsoleApplication.csproj", "{940CB7D6-E0CF-4370-AA59-0FAC764348CA}"
EndProject
Project("{9A19103F-16F7-4668-BE54-9A1E7A4F7556}") = "Agent.WindowsService", "Agent\Agent.WindowsService\Agent.WindowsService.csproj", "{8F2C601F-66CB-43E7-BE33-E753025E9180}"
EndProject
Project("{2150E333-8FDC-42A3-9474-1A3956D46DE8}") = "Solution Items", "Solution Items", "{9AEAFAFA-4360-4BB0-9D3D-F9115309F386}"
	ProjectSection(SolutionItems) = preProject
		Directory.Build.props = Directory.Build.props
	EndProjectSection
EndProject
Project("{9A19103F-16F7-4668-BE54-9A1E7A4F7556}") = "UserAccount", "UserAccount\UserAccount.csproj", "{C6157E28-CF22-4D78-B262-AB271F4C1884}"
EndProject
Global
	GlobalSection(SolutionConfigurationPlatforms) = preSolution
		Debug|Any CPU = Debug|Any CPU
		Release|Any CPU = Release|Any CPU
	EndGlobalSection
	GlobalSection(ProjectConfigurationPlatforms) = postSolution
		{5D43A845-DB37-4E55-B8B8-5087DE2A628A}.Debug|Any CPU.ActiveCfg = Debug|Any CPU
		{5D43A845-DB37-4E55-B8B8-5087DE2A628A}.Debug|Any CPU.Build.0 = Debug|Any CPU
		{5D43A845-DB37-4E55-B8B8-5087DE2A628A}.Release|Any CPU.ActiveCfg = Release|Any CPU
		{5D43A845-DB37-4E55-B8B8-5087DE2A628A}.Release|Any CPU.Build.0 = Release|Any CPU
		{9A9C0D06-AF83-4407-A6AF-4B78B2B7E2A9}.Debug|Any CPU.ActiveCfg = Debug|Any CPU
		{9A9C0D06-AF83-4407-A6AF-4B78B2B7E2A9}.Debug|Any CPU.Build.0 = Debug|Any CPU
		{9A9C0D06-AF83-4407-A6AF-4B78B2B7E2A9}.Release|Any CPU.ActiveCfg = Release|Any CPU
		{9A9C0D06-AF83-4407-A6AF-4B78B2B7E2A9}.Release|Any CPU.Build.0 = Release|Any CPU
		{F85C06C3-D9EC-4242-89A1-4C7AB79FAC10}.Debug|Any CPU.ActiveCfg = Debug|Any CPU
		{F85C06C3-D9EC-4242-89A1-4C7AB79FAC10}.Debug|Any CPU.Build.0 = Debug|Any CPU
		{F85C06C3-D9EC-4242-89A1-4C7AB79FAC10}.Release|Any CPU.ActiveCfg = Release|Any CPU
		{F85C06C3-D9EC-4242-89A1-4C7AB79FAC10}.Release|Any CPU.Build.0 = Release|Any CPU
		{5B624A95-46C0-4DF5-8C02-4E3D9CBF93BD}.Debug|Any CPU.ActiveCfg = Debug|Any CPU
		{5B624A95-46C0-4DF5-8C02-4E3D9CBF93BD}.Debug|Any CPU.Build.0 = Debug|Any CPU
		{5B624A95-46C0-4DF5-8C02-4E3D9CBF93BD}.Release|Any CPU.ActiveCfg = Release|Any CPU
		{5B624A95-46C0-4DF5-8C02-4E3D9CBF93BD}.Release|Any CPU.Build.0 = Release|Any CPU
		{56B3009A-91E7-40C0-9EC8-75E71AA24339}.Debug|Any CPU.ActiveCfg = Debug|Any CPU
		{56B3009A-91E7-40C0-9EC8-75E71AA24339}.Debug|Any CPU.Build.0 = Debug|Any CPU
		{56B3009A-91E7-40C0-9EC8-75E71AA24339}.Release|Any CPU.ActiveCfg = Release|Any CPU
		{56B3009A-91E7-40C0-9EC8-75E71AA24339}.Release|Any CPU.Build.0 = Release|Any CPU
		{F6D532B6-A66E-42C8-89C8-FC5AA4483AF5}.Debug|Any CPU.ActiveCfg = Debug|Any CPU
		{F6D532B6-A66E-42C8-89C8-FC5AA4483AF5}.Debug|Any CPU.Build.0 = Debug|Any CPU
		{F6D532B6-A66E-42C8-89C8-FC5AA4483AF5}.Release|Any CPU.ActiveCfg = Release|Any CPU
		{F6D532B6-A66E-42C8-89C8-FC5AA4483AF5}.Release|Any CPU.Build.0 = Release|Any CPU
		{4BBB8992-5085-459E-8512-76203730DC8A}.Debug|Any CPU.ActiveCfg = Debug|Any CPU
		{4BBB8992-5085-459E-8512-76203730DC8A}.Debug|Any CPU.Build.0 = Debug|Any CPU
		{4BBB8992-5085-459E-8512-76203730DC8A}.Release|Any CPU.ActiveCfg = Release|Any CPU
		{4BBB8992-5085-459E-8512-76203730DC8A}.Release|Any CPU.Build.0 = Release|Any CPU
		{A906FA1D-21F4-4D4F-A39E-0AF9516879A8}.Debug|Any CPU.ActiveCfg = Debug|Any CPU
		{A906FA1D-21F4-4D4F-A39E-0AF9516879A8}.Debug|Any CPU.Build.0 = Debug|Any CPU
		{A906FA1D-21F4-4D4F-A39E-0AF9516879A8}.Release|Any CPU.ActiveCfg = Release|Any CPU
		{A906FA1D-21F4-4D4F-A39E-0AF9516879A8}.Release|Any CPU.Build.0 = Release|Any CPU
		{79CBBDD4-1AA9-461A-83D8-FEF0C1C9EFF7}.Debug|Any CPU.ActiveCfg = Debug|Any CPU
		{79CBBDD4-1AA9-461A-83D8-FEF0C1C9EFF7}.Debug|Any CPU.Build.0 = Debug|Any CPU
		{79CBBDD4-1AA9-461A-83D8-FEF0C1C9EFF7}.Release|Any CPU.ActiveCfg = Release|Any CPU
		{79CBBDD4-1AA9-461A-83D8-FEF0C1C9EFF7}.Release|Any CPU.Build.0 = Release|Any CPU
		{73D05BE2-3AF7-4C0F-AE1E-29BFED26E0FE}.Debug|Any CPU.ActiveCfg = Debug|Any CPU
		{73D05BE2-3AF7-4C0F-AE1E-29BFED26E0FE}.Debug|Any CPU.Build.0 = Debug|Any CPU
		{73D05BE2-3AF7-4C0F-AE1E-29BFED26E0FE}.Release|Any CPU.ActiveCfg = Release|Any CPU
		{73D05BE2-3AF7-4C0F-AE1E-29BFED26E0FE}.Release|Any CPU.Build.0 = Release|Any CPU
		{9C646547-D5A1-4E81-A99D-0DDC136ACBB6}.Debug|Any CPU.ActiveCfg = Debug|Any CPU
		{9C646547-D5A1-4E81-A99D-0DDC136ACBB6}.Debug|Any CPU.Build.0 = Debug|Any CPU
		{9C646547-D5A1-4E81-A99D-0DDC136ACBB6}.Release|Any CPU.ActiveCfg = Release|Any CPU
		{9C646547-D5A1-4E81-A99D-0DDC136ACBB6}.Release|Any CPU.Build.0 = Release|Any CPU
		{510FD693-D48E-4A64-8F04-243CC239CA39}.Debug|Any CPU.ActiveCfg = Debug|Any CPU
		{510FD693-D48E-4A64-8F04-243CC239CA39}.Debug|Any CPU.Build.0 = Debug|Any CPU
		{510FD693-D48E-4A64-8F04-243CC239CA39}.Release|Any CPU.ActiveCfg = Release|Any CPU
		{510FD693-D48E-4A64-8F04-243CC239CA39}.Release|Any CPU.Build.0 = Release|Any CPU
		{EDAA074B-7379-496E-9F73-5DE19B07D72D}.Debug|Any CPU.ActiveCfg = Debug|Any CPU
		{EDAA074B-7379-496E-9F73-5DE19B07D72D}.Debug|Any CPU.Build.0 = Debug|Any CPU
		{EDAA074B-7379-496E-9F73-5DE19B07D72D}.Release|Any CPU.ActiveCfg = Release|Any CPU
		{EDAA074B-7379-496E-9F73-5DE19B07D72D}.Release|Any CPU.Build.0 = Release|Any CPU
		{6CB9B839-02E1-42D7-85C4-18CDFA8EB54F}.Debug|Any CPU.ActiveCfg = Debug|Any CPU
		{6CB9B839-02E1-42D7-85C4-18CDFA8EB54F}.Debug|Any CPU.Build.0 = Debug|Any CPU
		{6CB9B839-02E1-42D7-85C4-18CDFA8EB54F}.Release|Any CPU.ActiveCfg = Release|Any CPU
		{6CB9B839-02E1-42D7-85C4-18CDFA8EB54F}.Release|Any CPU.Build.0 = Release|Any CPU
		{F189441F-D667-46C7-96BF-4FB74D9B6C9F}.Debug|Any CPU.ActiveCfg = Debug|Any CPU
		{F189441F-D667-46C7-96BF-4FB74D9B6C9F}.Debug|Any CPU.Build.0 = Debug|Any CPU
		{F189441F-D667-46C7-96BF-4FB74D9B6C9F}.Release|Any CPU.ActiveCfg = Release|Any CPU
		{F189441F-D667-46C7-96BF-4FB74D9B6C9F}.Release|Any CPU.Build.0 = Release|Any CPU
		{6F6D3525-65B6-4BCC-BF22-78622491A2DE}.Debug|Any CPU.ActiveCfg = Debug|Any CPU
		{6F6D3525-65B6-4BCC-BF22-78622491A2DE}.Debug|Any CPU.Build.0 = Debug|Any CPU
		{6F6D3525-65B6-4BCC-BF22-78622491A2DE}.Release|Any CPU.ActiveCfg = Release|Any CPU
		{6F6D3525-65B6-4BCC-BF22-78622491A2DE}.Release|Any CPU.Build.0 = Release|Any CPU
		{C98B93DC-873C-4C88-A45E-0C5A4D968C01}.Debug|Any CPU.ActiveCfg = Debug|Any CPU
		{C98B93DC-873C-4C88-A45E-0C5A4D968C01}.Debug|Any CPU.Build.0 = Debug|Any CPU
		{C98B93DC-873C-4C88-A45E-0C5A4D968C01}.Release|Any CPU.ActiveCfg = Release|Any CPU
		{C98B93DC-873C-4C88-A45E-0C5A4D968C01}.Release|Any CPU.Build.0 = Release|Any CPU
		{940CB7D6-E0CF-4370-AA59-0FAC764348CA}.Debug|Any CPU.ActiveCfg = Debug|Any CPU
		{940CB7D6-E0CF-4370-AA59-0FAC764348CA}.Debug|Any CPU.Build.0 = Debug|Any CPU
		{940CB7D6-E0CF-4370-AA59-0FAC764348CA}.Release|Any CPU.ActiveCfg = Release|Any CPU
		{940CB7D6-E0CF-4370-AA59-0FAC764348CA}.Release|Any CPU.Build.0 = Release|Any CPU
		{8F2C601F-66CB-43E7-BE33-E753025E9180}.Debug|Any CPU.ActiveCfg = Debug|Any CPU
		{8F2C601F-66CB-43E7-BE33-E753025E9180}.Debug|Any CPU.Build.0 = Debug|Any CPU
		{8F2C601F-66CB-43E7-BE33-E753025E9180}.Release|Any CPU.ActiveCfg = Release|Any CPU
		{8F2C601F-66CB-43E7-BE33-E753025E9180}.Release|Any CPU.Build.0 = Release|Any CPU
		{C6157E28-CF22-4D78-B262-AB271F4C1884}.Debug|Any CPU.ActiveCfg = Debug|Any CPU
		{C6157E28-CF22-4D78-B262-AB271F4C1884}.Debug|Any CPU.Build.0 = Debug|Any CPU
		{C6157E28-CF22-4D78-B262-AB271F4C1884}.Release|Any CPU.ActiveCfg = Release|Any CPU
		{C6157E28-CF22-4D78-B262-AB271F4C1884}.Release|Any CPU.Build.0 = Release|Any CPU
	EndGlobalSection
	GlobalSection(SolutionProperties) = preSolution
		HideSolutionNode = FALSE
	EndGlobalSection
	GlobalSection(NestedProjects) = preSolution
		{9A9C0D06-AF83-4407-A6AF-4B78B2B7E2A9} = {E58497EF-D039-4075-8A4B-A87483A100EA}
		{F85C06C3-D9EC-4242-89A1-4C7AB79FAC10} = {E58497EF-D039-4075-8A4B-A87483A100EA}
		{4BBB8992-5085-459E-8512-76203730DC8A} = {E58497EF-D039-4075-8A4B-A87483A100EA}
		{79CBBDD4-1AA9-461A-83D8-FEF0C1C9EFF7} = {DC2AF3D6-EC4E-4733-87F1-467FBB5FEC22}
		{73D05BE2-3AF7-4C0F-AE1E-29BFED26E0FE} = {DC2AF3D6-EC4E-4733-87F1-467FBB5FEC22}
		{9C646547-D5A1-4E81-A99D-0DDC136ACBB6} = {DC2AF3D6-EC4E-4733-87F1-467FBB5FEC22}
		{510FD693-D48E-4A64-8F04-243CC239CA39} = {DC2AF3D6-EC4E-4733-87F1-467FBB5FEC22}
		{F189441F-D667-46C7-96BF-4FB74D9B6C9F} = {EF023812-BE4A-49A1-985F-6ECF82C7D70F}
		{6F6D3525-65B6-4BCC-BF22-78622491A2DE} = {DC2AF3D6-EC4E-4733-87F1-467FBB5FEC22}
		{C98B93DC-873C-4C88-A45E-0C5A4D968C01} = {DC2AF3D6-EC4E-4733-87F1-467FBB5FEC22}
		{940CB7D6-E0CF-4370-AA59-0FAC764348CA} = {EF023812-BE4A-49A1-985F-6ECF82C7D70F}
		{8F2C601F-66CB-43E7-BE33-E753025E9180} = {EF023812-BE4A-49A1-985F-6ECF82C7D70F}
	EndGlobalSection
	GlobalSection(ExtensibilityGlobals) = postSolution
		SolutionGuid = {10983A56-6B23-45DA-983A-6947A6A8BB05}
	EndGlobalSection
EndGlobal
