Microsoft Visual Studio Solution File, Format Version 12.00
# Visual Studio 15
VisualStudioVersion = 15.0.27004.2005
MinimumVisualStudioVersion = 10.0.40219.1
Project("{FAE04EC0-301F-11D3-BF4B-00C04F79EFBC}") = "UserAccount", "UserAccount\UserAccount.csproj", "{573CF201-63A5-4FAF-BBB7-645EA8C5C3C6}"
EndProject
Project("{2150E333-8FDC-42A3-9474-1A3956D46DE8}") = ".nuget", ".nuget", "{098C819E-60F9-4A2E-B831-05CB5C3D66B5}"
	ProjectSection(SolutionItems) = preProject
		.nuget\NuGet.Config = .nuget\NuGet.Config
		.nuget\NuGet.exe = .nuget\NuGet.exe
		.nuget\NuGet.targets = .nuget\NuGet.targets
	EndProjectSection
EndProject
Project("{FAE04EC0-301F-11D3-BF4B-00C04F79EFBC}") = "Core", "Core\Core.csproj", "{DC578E8E-DE61-4F6E-976A-11F339CAC837}"
EndProject
Project("{2150E333-8FDC-42A3-9474-1A3956D46DE8}") = "Api", "Api", "{15D8AB1C-9E4D-4C28-8114-903632754FF1}"
EndProject
Project("{2150E333-8FDC-42A3-9474-1A3956D46DE8}") = "1.0", "1.0", "{7876D8BD-934A-4B0D-8B9C-79CEA560D0E2}"
EndProject
Project("{FAE04EC0-301F-11D3-BF4B-00C04F79EFBC}") = "Api.1.0", "Api\1.0\Api\Api.1.0.csproj", "{1E7F3895-5BCE-4DF5-AA33-3E4E8843E0EB}"
EndProject
Project("{2150E333-8FDC-42A3-9474-1A3956D46DE8}") = "2.0", "2.0", "{0D76534E-F096-40B5-9DEE-735A5FDD1019}"
EndProject
Project("{FAE04EC0-301F-11D3-BF4B-00C04F79EFBC}") = "Agent", "Agent\Agent.csproj", "{28372B08-B8F4-408B-88CA-471A3A7A3368}"
EndProject
Project("{FAE04EC0-301F-11D3-BF4B-00C04F79EFBC}") = "ApiTests.1.0", "Api\1.0\Tests\ApiTests.1.0.csproj", "{9D1224DD-D05F-4898-A3E6-243200202C1D}"
EndProject
Project("{FAE04EC0-301F-11D3-BF4B-00C04F79EFBC}") = "DatabasesUpdate", "Tools\DatabasesUpdate\DatabasesUpdate.csproj", "{3B5A26C4-9209-4109-8B7E-E5EBAC8E8BBF}"
EndProject
Project("{FAE04EC0-301F-11D3-BF4B-00C04F79EFBC}") = "ApiHttpService.1.0", "Api\1.0\ApiHttpService\ApiHttpService.1.0.csproj", "{BE42FC25-F275-4FC9-A702-667F51A50BE7}"
EndProject
Project("{FAE04EC0-301F-11D3-BF4B-00C04F79EFBC}") = "Core.Tests", "Tests\Core.Tests\Core.Tests.csproj", "{2EBFE810-8576-44AE-AEAC-B495AF8615E0}"
EndProject
Project("{2150E333-8FDC-42A3-9474-1A3956D46DE8}") = "Tools", "Tools", "{53F0E8EC-73D9-4F8A-B4BF-B8CBCBA4C498}"
EndProject
Project("{FAE04EC0-301F-11D3-BF4B-00C04F79EFBC}") = "DispatcherHttpService", "Services\DispatcherHttpService\DispatcherHttpService.csproj", "{0D401C71-996D-48CD-BC4B-FD93ECA1B60E}"
EndProject
Project("{2150E333-8FDC-42A3-9474-1A3956D46DE8}") = "Services", "Services", "{AEAF3699-8E67-4CE0-9832-003DEAD6DD89}"
EndProject
Project("{FAE04EC0-301F-11D3-BF4B-00C04F79EFBC}") = "TestTools", "Tests\TestTools\TestTools.csproj", "{6B6462CD-1EA3-4EA2-897E-D1358B75ABEB}"
EndProject
Project("{FAE04EC0-301F-11D3-BF4B-00C04F79EFBC}") = "Core.ConfigDb", "Core.ConfigDb\Core.ConfigDb.csproj", "{A75855AD-0C1A-41B7-BFE5-D13A9721B000}"
EndProject
Project("{2150E333-8FDC-42A3-9474-1A3956D46DE8}") = "Tests", "Tests", "{C7914354-AEC8-4B57-9E1C-F001118DEE94}"
EndProject
Project("{FAE04EC0-301F-11D3-BF4B-00C04F79EFBC}") = "UserAccount.Tests", "Tests\UserAccount.Tests\UserAccount.Tests.csproj", "{9D7CD152-24E9-482B-B696-7E6E1DECE85B}"
EndProject
Project("{FAE04EC0-301F-11D3-BF4B-00C04F79EFBC}") = "Core.Single.Tests", "Tests\Core.Single.Tests\Core.Single.Tests.csproj", "{F04160AD-6605-479C-A50E-4672C3715A88}"
EndProject
Project("{FAE04EC0-301F-11D3-BF4B-00C04F79EFBC}") = "UserAccount.AddIn", "UserAccount.AddIn\UserAccount.AddIn.csproj", "{AA83B33F-EBBE-4F21-8DF1-EA4166505228}"
EndProject
Global
	GlobalSection(SolutionConfigurationPlatforms) = preSolution
		Debug|Any CPU = Debug|Any CPU
		Release|Any CPU = Release|Any CPU
	EndGlobalSection
	GlobalSection(ProjectConfigurationPlatforms) = postSolution
		{573CF201-63A5-4FAF-BBB7-645EA8C5C3C6}.Debug|Any CPU.ActiveCfg = Debug|Any CPU
		{573CF201-63A5-4FAF-BBB7-645EA8C5C3C6}.Debug|Any CPU.Build.0 = Debug|Any CPU
		{573CF201-63A5-4FAF-BBB7-645EA8C5C3C6}.Release|Any CPU.ActiveCfg = Release|Any CPU
		{573CF201-63A5-4FAF-BBB7-645EA8C5C3C6}.Release|Any CPU.Build.0 = Release|Any CPU
		{DC578E8E-DE61-4F6E-976A-11F339CAC837}.Debug|Any CPU.ActiveCfg = Debug|Any CPU
		{DC578E8E-DE61-4F6E-976A-11F339CAC837}.Debug|Any CPU.Build.0 = Debug|Any CPU
		{DC578E8E-DE61-4F6E-976A-11F339CAC837}.Release|Any CPU.ActiveCfg = Release|Any CPU
		{DC578E8E-DE61-4F6E-976A-11F339CAC837}.Release|Any CPU.Build.0 = Release|Any CPU
		{1E7F3895-5BCE-4DF5-AA33-3E4E8843E0EB}.Debug|Any CPU.ActiveCfg = Debug|Any CPU
		{1E7F3895-5BCE-4DF5-AA33-3E4E8843E0EB}.Debug|Any CPU.Build.0 = Debug|Any CPU
		{1E7F3895-5BCE-4DF5-AA33-3E4E8843E0EB}.Release|Any CPU.ActiveCfg = Release|Any CPU
		{1E7F3895-5BCE-4DF5-AA33-3E4E8843E0EB}.Release|Any CPU.Build.0 = Release|Any CPU
		{28372B08-B8F4-408B-88CA-471A3A7A3368}.Debug|Any CPU.ActiveCfg = Debug|Any CPU
		{28372B08-B8F4-408B-88CA-471A3A7A3368}.Debug|Any CPU.Build.0 = Debug|Any CPU
		{28372B08-B8F4-408B-88CA-471A3A7A3368}.Release|Any CPU.ActiveCfg = Release|Any CPU
		{28372B08-B8F4-408B-88CA-471A3A7A3368}.Release|Any CPU.Build.0 = Release|Any CPU
		{9D1224DD-D05F-4898-A3E6-243200202C1D}.Debug|Any CPU.ActiveCfg = Debug|Any CPU
		{9D1224DD-D05F-4898-A3E6-243200202C1D}.Debug|Any CPU.Build.0 = Debug|Any CPU
		{9D1224DD-D05F-4898-A3E6-243200202C1D}.Release|Any CPU.ActiveCfg = Release|Any CPU
		{9D1224DD-D05F-4898-A3E6-243200202C1D}.Release|Any CPU.Build.0 = Release|Any CPU
		{3B5A26C4-9209-4109-8B7E-E5EBAC8E8BBF}.Debug|Any CPU.ActiveCfg = Debug|Any CPU
		{3B5A26C4-9209-4109-8B7E-E5EBAC8E8BBF}.Debug|Any CPU.Build.0 = Debug|Any CPU
		{3B5A26C4-9209-4109-8B7E-E5EBAC8E8BBF}.Release|Any CPU.ActiveCfg = Release|Any CPU
		{3B5A26C4-9209-4109-8B7E-E5EBAC8E8BBF}.Release|Any CPU.Build.0 = Release|Any CPU
		{BE42FC25-F275-4FC9-A702-667F51A50BE7}.Debug|Any CPU.ActiveCfg = Debug|Any CPU
		{BE42FC25-F275-4FC9-A702-667F51A50BE7}.Debug|Any CPU.Build.0 = Debug|Any CPU
		{BE42FC25-F275-4FC9-A702-667F51A50BE7}.Release|Any CPU.ActiveCfg = Release|Any CPU
		{BE42FC25-F275-4FC9-A702-667F51A50BE7}.Release|Any CPU.Build.0 = Release|Any CPU
		{2EBFE810-8576-44AE-AEAC-B495AF8615E0}.Debug|Any CPU.ActiveCfg = Debug|Any CPU
		{2EBFE810-8576-44AE-AEAC-B495AF8615E0}.Debug|Any CPU.Build.0 = Debug|Any CPU
		{2EBFE810-8576-44AE-AEAC-B495AF8615E0}.Release|Any CPU.ActiveCfg = Release|Any CPU
		{2EBFE810-8576-44AE-AEAC-B495AF8615E0}.Release|Any CPU.Build.0 = Release|Any CPU
		{0D401C71-996D-48CD-BC4B-FD93ECA1B60E}.Debug|Any CPU.ActiveCfg = Debug|Any CPU
		{0D401C71-996D-48CD-BC4B-FD93ECA1B60E}.Debug|Any CPU.Build.0 = Debug|Any CPU
		{0D401C71-996D-48CD-BC4B-FD93ECA1B60E}.Release|Any CPU.ActiveCfg = Release|Any CPU
		{0D401C71-996D-48CD-BC4B-FD93ECA1B60E}.Release|Any CPU.Build.0 = Release|Any CPU
		{6B6462CD-1EA3-4EA2-897E-D1358B75ABEB}.Debug|Any CPU.ActiveCfg = Debug|Any CPU
		{6B6462CD-1EA3-4EA2-897E-D1358B75ABEB}.Debug|Any CPU.Build.0 = Debug|Any CPU
		{6B6462CD-1EA3-4EA2-897E-D1358B75ABEB}.Release|Any CPU.ActiveCfg = Release|Any CPU
		{6B6462CD-1EA3-4EA2-897E-D1358B75ABEB}.Release|Any CPU.Build.0 = Release|Any CPU
		{A75855AD-0C1A-41B7-BFE5-D13A9721B000}.Debug|Any CPU.ActiveCfg = Debug|Any CPU
		{A75855AD-0C1A-41B7-BFE5-D13A9721B000}.Debug|Any CPU.Build.0 = Debug|Any CPU
		{A75855AD-0C1A-41B7-BFE5-D13A9721B000}.Release|Any CPU.ActiveCfg = Release|Any CPU
		{A75855AD-0C1A-41B7-BFE5-D13A9721B000}.Release|Any CPU.Build.0 = Release|Any CPU
		{9D7CD152-24E9-482B-B696-7E6E1DECE85B}.Debug|Any CPU.ActiveCfg = Debug|Any CPU
		{9D7CD152-24E9-482B-B696-7E6E1DECE85B}.Debug|Any CPU.Build.0 = Debug|Any CPU
		{9D7CD152-24E9-482B-B696-7E6E1DECE85B}.Release|Any CPU.ActiveCfg = Release|Any CPU
		{9D7CD152-24E9-482B-B696-7E6E1DECE85B}.Release|Any CPU.Build.0 = Release|Any CPU
		{F04160AD-6605-479C-A50E-4672C3715A88}.Debug|Any CPU.ActiveCfg = Debug|Any CPU
		{F04160AD-6605-479C-A50E-4672C3715A88}.Debug|Any CPU.Build.0 = Debug|Any CPU
		{F04160AD-6605-479C-A50E-4672C3715A88}.Release|Any CPU.ActiveCfg = Release|Any CPU
		{F04160AD-6605-479C-A50E-4672C3715A88}.Release|Any CPU.Build.0 = Release|Any CPU
		{AA83B33F-EBBE-4F21-8DF1-EA4166505228}.Debug|Any CPU.ActiveCfg = Debug|Any CPU
		{AA83B33F-EBBE-4F21-8DF1-EA4166505228}.Debug|Any CPU.Build.0 = Debug|Any CPU
		{AA83B33F-EBBE-4F21-8DF1-EA4166505228}.Release|Any CPU.ActiveCfg = Release|Any CPU
		{AA83B33F-EBBE-4F21-8DF1-EA4166505228}.Release|Any CPU.Build.0 = Release|Any CPU
	EndGlobalSection
	GlobalSection(SolutionProperties) = preSolution
		HideSolutionNode = FALSE
	EndGlobalSection
	GlobalSection(NestedProjects) = preSolution
		{7876D8BD-934A-4B0D-8B9C-79CEA560D0E2} = {15D8AB1C-9E4D-4C28-8114-903632754FF1}
		{1E7F3895-5BCE-4DF5-AA33-3E4E8843E0EB} = {7876D8BD-934A-4B0D-8B9C-79CEA560D0E2}
		{0D76534E-F096-40B5-9DEE-735A5FDD1019} = {15D8AB1C-9E4D-4C28-8114-903632754FF1}
		{9D1224DD-D05F-4898-A3E6-243200202C1D} = {7876D8BD-934A-4B0D-8B9C-79CEA560D0E2}
		{3B5A26C4-9209-4109-8B7E-E5EBAC8E8BBF} = {53F0E8EC-73D9-4F8A-B4BF-B8CBCBA4C498}
		{BE42FC25-F275-4FC9-A702-667F51A50BE7} = {7876D8BD-934A-4B0D-8B9C-79CEA560D0E2}
		{2EBFE810-8576-44AE-AEAC-B495AF8615E0} = {C7914354-AEC8-4B57-9E1C-F001118DEE94}
		{0D401C71-996D-48CD-BC4B-FD93ECA1B60E} = {AEAF3699-8E67-4CE0-9832-003DEAD6DD89}
		{6B6462CD-1EA3-4EA2-897E-D1358B75ABEB} = {C7914354-AEC8-4B57-9E1C-F001118DEE94}
		{9D7CD152-24E9-482B-B696-7E6E1DECE85B} = {C7914354-AEC8-4B57-9E1C-F001118DEE94}
		{F04160AD-6605-479C-A50E-4672C3715A88} = {C7914354-AEC8-4B57-9E1C-F001118DEE94}
	EndGlobalSection
	GlobalSection(ExtensibilityGlobals) = postSolution
		SolutionGuid = {E42D605F-191E-4CCF-A2A0-1279CF78A9A6}
	EndGlobalSection
EndGlobal
