
Microsoft Visual Studio Solution File, Format Version 12.00
# Visual Studio 15
VisualStudioVersion = 15.0.26730.3
MinimumVisualStudioVersion = 10.0.40219.1
Project("{9A19103F-16F7-4668-BE54-9A1E7A4F7556}") = "Api.1.0", "Api.1.0\Api.1.0.csproj", "{175A7FBF-0F49-44D8-8F30-02F625D8598A}"
EndProject
Project("{9A19103F-16F7-4668-BE54-9A1E7A4F7556}") = "Api.1.0.Tests", "Api.1.0.Tests\Api.1.0.Tests.csproj", "{215FDEC9-5CC0-4331-8387-D676655C6AB6}"
EndProject
Project("{FAE04EC0-301F-11D3-BF4B-00C04F79EFBC}") = "TestTools", "TestTools\TestTools.csproj", "{34830C8E-4036-4895-9684-064029205F78}"
EndProject
Global
	GlobalSection(SolutionConfigurationPlatforms) = preSolution
		Debug|Any CPU = Debug|Any CPU
		Release|Any CPU = Release|Any CPU
	EndGlobalSection
	GlobalSection(ProjectConfigurationPlatforms) = postSolution
		{175A7FBF-0F49-44D8-8F30-02F625D8598A}.Debug|Any CPU.ActiveCfg = Debug|Any CPU
		{175A7FBF-0F49-44D8-8F30-02F625D8598A}.Debug|Any CPU.Build.0 = Debug|Any CPU
		{175A7FBF-0F49-44D8-8F30-02F625D8598A}.Release|Any CPU.ActiveCfg = Release|Any CPU
		{175A7FBF-0F49-44D8-8F30-02F625D8598A}.Release|Any CPU.Build.0 = Release|Any CPU
		{215FDEC9-5CC0-4331-8387-D676655C6AB6}.Debug|Any CPU.ActiveCfg = Debug|Any CPU
		{215FDEC9-5CC0-4331-8387-D676655C6AB6}.Debug|Any CPU.Build.0 = Debug|Any CPU
		{215FDEC9-5CC0-4331-8387-D676655C6AB6}.Release|Any CPU.ActiveCfg = Release|Any CPU
		{215FDEC9-5CC0-4331-8387-D676655C6AB6}.Release|Any CPU.Build.0 = Release|Any CPU
		{34830C8E-4036-4895-9684-064029205F78}.Debug|Any CPU.ActiveCfg = Debug|Any CPU
		{34830C8E-4036-4895-9684-064029205F78}.Debug|Any CPU.Build.0 = Debug|Any CPU
		{34830C8E-4036-4895-9684-064029205F78}.Release|Any CPU.ActiveCfg = Release|Any CPU
		{34830C8E-4036-4895-9684-064029205F78}.Release|Any CPU.Build.0 = Release|Any CPU
	EndGlobalSection
	GlobalSection(SolutionProperties) = preSolution
		HideSolutionNode = FALSE
	EndGlobalSection
	GlobalSection(ExtensibilityGlobals) = postSolution
		SolutionGuid = {6CE52B78-FF19-4710-BF8A-F9EAFB3D4E84}
	EndGlobalSection
EndGlobal
